
Microsoft Visual Studio Solution File, Format Version 12.00
# Visual Studio 14
VisualStudioVersion = 14.0.25123.0
MinimumVisualStudioVersion = 10.0.40219.1
Project("{8BC9CEB8-8B4A-11D0-8D11-00A0C91BC942}") = "test1", "test1\test1.vcxproj", "{E511DC20-807B-45BB-9010-B6F74CFFB967}"
EndProject
Project("{8BC9CEB8-8B4A-11D0-8D11-00A0C91BC942}") = "test2", "test2\test2.vcxproj", "{50D299AD-65D6-476E-B415-4599743DD18A}"
EndProject
Project("{8BC9CEB8-8B4A-11D0-8D11-00A0C91BC942}") = "SimpleBlobDetector", "SimpleBlobDetector\SimpleBlobDetector.vcxproj", "{FE43B38B-9564-464B-9827-6953535DA6F1}"
EndProject
Project("{8BC9CEB8-8B4A-11D0-8D11-00A0C91BC942}") = "ThresholdingDemo", "ThresholdingDemo\ThresholdingDemo.vcxproj", "{EE52F3E8-0723-47BD-A16D-7081A8F60297}"
EndProject
Project("{8BC9CEB8-8B4A-11D0-8D11-00A0C91BC942}") = "redcell", "kernelDemo\kernelDemo.vcxproj", "{D03D88C5-68E9-4CB4-9F25-65D683737369}"
EndProject
Project("{8BC9CEB8-8B4A-11D0-8D11-00A0C91BC942}") = "segmentation", "segmentation\segmentation.vcxproj", "{4985D865-2C80-458F-A64B-DAE504BDBD21}"
EndProject
Project("{8BC9CEB8-8B4A-11D0-8D11-00A0C91BC942}") = "DistanceTransform", "DistanceTransform\DistanceTransform.vcxproj", "{9040843F-FBEC-4362-9B62-34A2736C0A2E}"
EndProject
Project("{8BC9CEB8-8B4A-11D0-8D11-00A0C91BC942}") = "CellCounter", "CellCounter\CellCounter.vcxproj", "{F3AB1F24-61E5-4019-9ABE-65F887117673}"
EndProject
Project("{8BC9CEB8-8B4A-11D0-8D11-00A0C91BC942}") = "CellDemo", "CellDemo\CellDemo.vcxproj", "{02081B99-B118-435B-B392-9CAB5F59F15B}"
EndProject
Project("{8BC9CEB8-8B4A-11D0-8D11-00A0C91BC942}") = "FillHole", "FillSpace\FillSpace.vcxproj", "{386C6E05-0966-4A01-996B-7E973E164A74}"
EndProject
Project("{8BC9CEB8-8B4A-11D0-8D11-00A0C91BC942}") = "Edge", "Edge\Edge.vcxproj", "{6093B3CD-1350-4CF5-A326-F661F91580AB}"
EndProject
Project("{8BC9CEB8-8B4A-11D0-8D11-00A0C91BC942}") = "OtherDemo", "OtherDemo\OtherDemo.vcxproj", "{EBF7C2DE-4280-4D89-82E4-7B6FDA67B28C}"
EndProject
Project("{8BC9CEB8-8B4A-11D0-8D11-00A0C91BC942}") = "PSNRDemo", "PSNRDemo\PSNRDemo.vcxproj", "{3F4403C9-533E-401C-B63F-15056FABA7A3}"
EndProject
Project("{8BC9CEB8-8B4A-11D0-8D11-00A0C91BC942}") = "WaterDemo", "WaterDemo\WaterDemo.vcxproj", "{B511C069-E984-42AC-901D-BF6595012396}"
EndProject
Project("{8BC9CEB8-8B4A-11D0-8D11-00A0C91BC942}") = "InpaintDemo", "InpaintDemo\InpaintDemo.vcxproj", "{EB8467E1-BA2D-4A3B-A7A9-365240D7890A}"
EndProject
Project("{8BC9CEB8-8B4A-11D0-8D11-00A0C91BC942}") = "BlurDemo", "BlurDemo\BlurDemo.vcxproj", "{3A6A04AD-4254-46D3-83DB-1A6DC639259B}"
EndProject
Project("{8BC9CEB8-8B4A-11D0-8D11-00A0C91BC942}") = "TestDemo", "TestDemo\TestDemo.vcxproj", "{95E361DE-16E0-42A8-83C6-6F72F70C9FBC}"
EndProject
Project("{8BC9CEB8-8B4A-11D0-8D11-00A0C91BC942}") = "CellApp", "CellApp\CellApp.vcxproj", "{66162DDC-58AB-4CF2-BF82-A5DC6B2BCC57}"
EndProject
Global
	GlobalSection(SolutionConfigurationPlatforms) = preSolution
		Debug|Any CPU = Debug|Any CPU
		Debug|x64 = Debug|x64
		Debug|x86 = Debug|x86
		Release|Any CPU = Release|Any CPU
		Release|x64 = Release|x64
		Release|x86 = Release|x86
	EndGlobalSection
	GlobalSection(ProjectConfigurationPlatforms) = postSolution
		{E511DC20-807B-45BB-9010-B6F74CFFB967}.Debug|Any CPU.ActiveCfg = Debug|Win32
		{E511DC20-807B-45BB-9010-B6F74CFFB967}.Debug|x64.ActiveCfg = Debug|x64
		{E511DC20-807B-45BB-9010-B6F74CFFB967}.Debug|x64.Build.0 = Debug|x64
		{E511DC20-807B-45BB-9010-B6F74CFFB967}.Debug|x86.ActiveCfg = Debug|Win32
		{E511DC20-807B-45BB-9010-B6F74CFFB967}.Debug|x86.Build.0 = Debug|Win32
		{E511DC20-807B-45BB-9010-B6F74CFFB967}.Release|Any CPU.ActiveCfg = Release|Win32
		{E511DC20-807B-45BB-9010-B6F74CFFB967}.Release|x64.ActiveCfg = Release|x64
		{E511DC20-807B-45BB-9010-B6F74CFFB967}.Release|x64.Build.0 = Release|x64
		{E511DC20-807B-45BB-9010-B6F74CFFB967}.Release|x86.ActiveCfg = Release|Win32
		{E511DC20-807B-45BB-9010-B6F74CFFB967}.Release|x86.Build.0 = Release|Win32
		{50D299AD-65D6-476E-B415-4599743DD18A}.Debug|Any CPU.ActiveCfg = Debug|Win32
		{50D299AD-65D6-476E-B415-4599743DD18A}.Debug|x64.ActiveCfg = Debug|x64
		{50D299AD-65D6-476E-B415-4599743DD18A}.Debug|x64.Build.0 = Debug|x64
		{50D299AD-65D6-476E-B415-4599743DD18A}.Debug|x86.ActiveCfg = Debug|Win32
		{50D299AD-65D6-476E-B415-4599743DD18A}.Debug|x86.Build.0 = Debug|Win32
		{50D299AD-65D6-476E-B415-4599743DD18A}.Release|Any CPU.ActiveCfg = Release|Win32
		{50D299AD-65D6-476E-B415-4599743DD18A}.Release|x64.ActiveCfg = Release|x64
		{50D299AD-65D6-476E-B415-4599743DD18A}.Release|x64.Build.0 = Release|x64
		{50D299AD-65D6-476E-B415-4599743DD18A}.Release|x86.ActiveCfg = Release|Win32
		{50D299AD-65D6-476E-B415-4599743DD18A}.Release|x86.Build.0 = Release|Win32
		{FE43B38B-9564-464B-9827-6953535DA6F1}.Debug|Any CPU.ActiveCfg = Debug|Win32
		{FE43B38B-9564-464B-9827-6953535DA6F1}.Debug|x64.ActiveCfg = Debug|x64
		{FE43B38B-9564-464B-9827-6953535DA6F1}.Debug|x64.Build.0 = Debug|x64
		{FE43B38B-9564-464B-9827-6953535DA6F1}.Debug|x86.ActiveCfg = Debug|Win32
		{FE43B38B-9564-464B-9827-6953535DA6F1}.Debug|x86.Build.0 = Debug|Win32
		{FE43B38B-9564-464B-9827-6953535DA6F1}.Release|Any CPU.ActiveCfg = Release|Win32
		{FE43B38B-9564-464B-9827-6953535DA6F1}.Release|x64.ActiveCfg = Release|x64
		{FE43B38B-9564-464B-9827-6953535DA6F1}.Release|x64.Build.0 = Release|x64
		{FE43B38B-9564-464B-9827-6953535DA6F1}.Release|x86.ActiveCfg = Release|Win32
		{FE43B38B-9564-464B-9827-6953535DA6F1}.Release|x86.Build.0 = Release|Win32
		{EE52F3E8-0723-47BD-A16D-7081A8F60297}.Debug|Any CPU.ActiveCfg = Debug|Win32
		{EE52F3E8-0723-47BD-A16D-7081A8F60297}.Debug|x64.ActiveCfg = Debug|x64
		{EE52F3E8-0723-47BD-A16D-7081A8F60297}.Debug|x64.Build.0 = Debug|x64
		{EE52F3E8-0723-47BD-A16D-7081A8F60297}.Debug|x86.ActiveCfg = Debug|Win32
		{EE52F3E8-0723-47BD-A16D-7081A8F60297}.Debug|x86.Build.0 = Debug|Win32
		{EE52F3E8-0723-47BD-A16D-7081A8F60297}.Release|Any CPU.ActiveCfg = Release|Win32
		{EE52F3E8-0723-47BD-A16D-7081A8F60297}.Release|x64.ActiveCfg = Release|x64
		{EE52F3E8-0723-47BD-A16D-7081A8F60297}.Release|x64.Build.0 = Release|x64
		{EE52F3E8-0723-47BD-A16D-7081A8F60297}.Release|x86.ActiveCfg = Release|Win32
		{EE52F3E8-0723-47BD-A16D-7081A8F60297}.Release|x86.Build.0 = Release|Win32
		{D03D88C5-68E9-4CB4-9F25-65D683737369}.Debug|Any CPU.ActiveCfg = Debug|Win32
		{D03D88C5-68E9-4CB4-9F25-65D683737369}.Debug|x64.ActiveCfg = Debug|x64
		{D03D88C5-68E9-4CB4-9F25-65D683737369}.Debug|x64.Build.0 = Debug|x64
		{D03D88C5-68E9-4CB4-9F25-65D683737369}.Debug|x86.ActiveCfg = Debug|Win32
		{D03D88C5-68E9-4CB4-9F25-65D683737369}.Debug|x86.Build.0 = Debug|Win32
		{D03D88C5-68E9-4CB4-9F25-65D683737369}.Release|Any CPU.ActiveCfg = Release|Win32
		{D03D88C5-68E9-4CB4-9F25-65D683737369}.Release|x64.ActiveCfg = Release|x64
		{D03D88C5-68E9-4CB4-9F25-65D683737369}.Release|x64.Build.0 = Release|x64
		{D03D88C5-68E9-4CB4-9F25-65D683737369}.Release|x86.ActiveCfg = Release|Win32
		{D03D88C5-68E9-4CB4-9F25-65D683737369}.Release|x86.Build.0 = Release|Win32
		{4985D865-2C80-458F-A64B-DAE504BDBD21}.Debug|Any CPU.ActiveCfg = Debug|Win32
		{4985D865-2C80-458F-A64B-DAE504BDBD21}.Debug|x64.ActiveCfg = Debug|x64
		{4985D865-2C80-458F-A64B-DAE504BDBD21}.Debug|x64.Build.0 = Debug|x64
		{4985D865-2C80-458F-A64B-DAE504BDBD21}.Debug|x86.ActiveCfg = Debug|Win32
		{4985D865-2C80-458F-A64B-DAE504BDBD21}.Debug|x86.Build.0 = Debug|Win32
		{4985D865-2C80-458F-A64B-DAE504BDBD21}.Release|Any CPU.ActiveCfg = Release|Win32
		{4985D865-2C80-458F-A64B-DAE504BDBD21}.Release|x64.ActiveCfg = Release|x64
		{4985D865-2C80-458F-A64B-DAE504BDBD21}.Release|x64.Build.0 = Release|x64
		{4985D865-2C80-458F-A64B-DAE504BDBD21}.Release|x86.ActiveCfg = Release|Win32
		{4985D865-2C80-458F-A64B-DAE504BDBD21}.Release|x86.Build.0 = Release|Win32
		{9040843F-FBEC-4362-9B62-34A2736C0A2E}.Debug|Any CPU.ActiveCfg = Debug|Win32
		{9040843F-FBEC-4362-9B62-34A2736C0A2E}.Debug|x64.ActiveCfg = Debug|x64
		{9040843F-FBEC-4362-9B62-34A2736C0A2E}.Debug|x64.Build.0 = Debug|x64
		{9040843F-FBEC-4362-9B62-34A2736C0A2E}.Debug|x86.ActiveCfg = Debug|Win32
		{9040843F-FBEC-4362-9B62-34A2736C0A2E}.Debug|x86.Build.0 = Debug|Win32
		{9040843F-FBEC-4362-9B62-34A2736C0A2E}.Release|Any CPU.ActiveCfg = Release|Win32
		{9040843F-FBEC-4362-9B62-34A2736C0A2E}.Release|x64.ActiveCfg = Release|x64
		{9040843F-FBEC-4362-9B62-34A2736C0A2E}.Release|x64.Build.0 = Release|x64
		{9040843F-FBEC-4362-9B62-34A2736C0A2E}.Release|x86.ActiveCfg = Release|Win32
		{9040843F-FBEC-4362-9B62-34A2736C0A2E}.Release|x86.Build.0 = Release|Win32
		{F3AB1F24-61E5-4019-9ABE-65F887117673}.Debug|Any CPU.ActiveCfg = Debug|Win32
		{F3AB1F24-61E5-4019-9ABE-65F887117673}.Debug|x64.ActiveCfg = Debug|x64
		{F3AB1F24-61E5-4019-9ABE-65F887117673}.Debug|x64.Build.0 = Debug|x64
		{F3AB1F24-61E5-4019-9ABE-65F887117673}.Debug|x86.ActiveCfg = Debug|Win32
		{F3AB1F24-61E5-4019-9ABE-65F887117673}.Debug|x86.Build.0 = Debug|Win32
		{F3AB1F24-61E5-4019-9ABE-65F887117673}.Release|Any CPU.ActiveCfg = Release|Win32
		{F3AB1F24-61E5-4019-9ABE-65F887117673}.Release|x64.ActiveCfg = Release|x64
		{F3AB1F24-61E5-4019-9ABE-65F887117673}.Release|x64.Build.0 = Release|x64
		{F3AB1F24-61E5-4019-9ABE-65F887117673}.Release|x86.ActiveCfg = Release|Win32
		{F3AB1F24-61E5-4019-9ABE-65F887117673}.Release|x86.Build.0 = Release|Win32
		{02081B99-B118-435B-B392-9CAB5F59F15B}.Debug|Any CPU.ActiveCfg = Debug|Win32
		{02081B99-B118-435B-B392-9CAB5F59F15B}.Debug|x64.ActiveCfg = Debug|x64
		{02081B99-B118-435B-B392-9CAB5F59F15B}.Debug|x64.Build.0 = Debug|x64
		{02081B99-B118-435B-B392-9CAB5F59F15B}.Debug|x86.ActiveCfg = Debug|Win32
		{02081B99-B118-435B-B392-9CAB5F59F15B}.Debug|x86.Build.0 = Debug|Win32
		{02081B99-B118-435B-B392-9CAB5F59F15B}.Release|Any CPU.ActiveCfg = Release|Win32
		{02081B99-B118-435B-B392-9CAB5F59F15B}.Release|x64.ActiveCfg = Release|x64
		{02081B99-B118-435B-B392-9CAB5F59F15B}.Release|x64.Build.0 = Release|x64
		{02081B99-B118-435B-B392-9CAB5F59F15B}.Release|x86.ActiveCfg = Release|Win32
		{02081B99-B118-435B-B392-9CAB5F59F15B}.Release|x86.Build.0 = Release|Win32
		{386C6E05-0966-4A01-996B-7E973E164A74}.Debug|Any CPU.ActiveCfg = Debug|Win32
		{386C6E05-0966-4A01-996B-7E973E164A74}.Debug|x64.ActiveCfg = Debug|x64
		{386C6E05-0966-4A01-996B-7E973E164A74}.Debug|x64.Build.0 = Debug|x64
		{386C6E05-0966-4A01-996B-7E973E164A74}.Debug|x86.ActiveCfg = Debug|Win32
		{386C6E05-0966-4A01-996B-7E973E164A74}.Debug|x86.Build.0 = Debug|Win32
		{386C6E05-0966-4A01-996B-7E973E164A74}.Release|Any CPU.ActiveCfg = Release|Win32
		{386C6E05-0966-4A01-996B-7E973E164A74}.Release|x64.ActiveCfg = Release|x64
		{386C6E05-0966-4A01-996B-7E973E164A74}.Release|x64.Build.0 = Release|x64
		{386C6E05-0966-4A01-996B-7E973E164A74}.Release|x86.ActiveCfg = Release|Win32
		{386C6E05-0966-4A01-996B-7E973E164A74}.Release|x86.Build.0 = Release|Win32
		{6093B3CD-1350-4CF5-A326-F661F91580AB}.Debug|Any CPU.ActiveCfg = Debug|Win32
		{6093B3CD-1350-4CF5-A326-F661F91580AB}.Debug|x64.ActiveCfg = Debug|x64
		{6093B3CD-1350-4CF5-A326-F661F91580AB}.Debug|x64.Build.0 = Debug|x64
		{6093B3CD-1350-4CF5-A326-F661F91580AB}.Debug|x86.ActiveCfg = Debug|Win32
		{6093B3CD-1350-4CF5-A326-F661F91580AB}.Debug|x86.Build.0 = Debug|Win32
		{6093B3CD-1350-4CF5-A326-F661F91580AB}.Release|Any CPU.ActiveCfg = Release|Win32
		{6093B3CD-1350-4CF5-A326-F661F91580AB}.Release|x64.ActiveCfg = Release|x64
		{6093B3CD-1350-4CF5-A326-F661F91580AB}.Release|x64.Build.0 = Release|x64
		{6093B3CD-1350-4CF5-A326-F661F91580AB}.Release|x86.ActiveCfg = Release|Win32
		{6093B3CD-1350-4CF5-A326-F661F91580AB}.Release|x86.Build.0 = Release|Win32
		{EBF7C2DE-4280-4D89-82E4-7B6FDA67B28C}.Debug|Any CPU.ActiveCfg = Debug|Win32
		{EBF7C2DE-4280-4D89-82E4-7B6FDA67B28C}.Debug|x64.ActiveCfg = Debug|x64
		{EBF7C2DE-4280-4D89-82E4-7B6FDA67B28C}.Debug|x64.Build.0 = Debug|x64
		{EBF7C2DE-4280-4D89-82E4-7B6FDA67B28C}.Debug|x86.ActiveCfg = Debug|Win32
		{EBF7C2DE-4280-4D89-82E4-7B6FDA67B28C}.Debug|x86.Build.0 = Debug|Win32
		{EBF7C2DE-4280-4D89-82E4-7B6FDA67B28C}.Release|Any CPU.ActiveCfg = Release|Win32
		{EBF7C2DE-4280-4D89-82E4-7B6FDA67B28C}.Release|x64.ActiveCfg = Release|x64
		{EBF7C2DE-4280-4D89-82E4-7B6FDA67B28C}.Release|x64.Build.0 = Release|x64
		{EBF7C2DE-4280-4D89-82E4-7B6FDA67B28C}.Release|x86.ActiveCfg = Release|Win32
		{EBF7C2DE-4280-4D89-82E4-7B6FDA67B28C}.Release|x86.Build.0 = Release|Win32
		{3F4403C9-533E-401C-B63F-15056FABA7A3}.Debug|Any CPU.ActiveCfg = Debug|Win32
		{3F4403C9-533E-401C-B63F-15056FABA7A3}.Debug|x64.ActiveCfg = Debug|x64
		{3F4403C9-533E-401C-B63F-15056FABA7A3}.Debug|x64.Build.0 = Debug|x64
		{3F4403C9-533E-401C-B63F-15056FABA7A3}.Debug|x86.ActiveCfg = Debug|Win32
		{3F4403C9-533E-401C-B63F-15056FABA7A3}.Debug|x86.Build.0 = Debug|Win32
		{3F4403C9-533E-401C-B63F-15056FABA7A3}.Release|Any CPU.ActiveCfg = Release|Win32
		{3F4403C9-533E-401C-B63F-15056FABA7A3}.Release|x64.ActiveCfg = Release|x64
		{3F4403C9-533E-401C-B63F-15056FABA7A3}.Release|x64.Build.0 = Release|x64
		{3F4403C9-533E-401C-B63F-15056FABA7A3}.Release|x86.ActiveCfg = Release|Win32
		{3F4403C9-533E-401C-B63F-15056FABA7A3}.Release|x86.Build.0 = Release|Win32
		{B511C069-E984-42AC-901D-BF6595012396}.Debug|Any CPU.ActiveCfg = Debug|Win32
		{B511C069-E984-42AC-901D-BF6595012396}.Debug|x64.ActiveCfg = Debug|x64
		{B511C069-E984-42AC-901D-BF6595012396}.Debug|x64.Build.0 = Debug|x64
		{B511C069-E984-42AC-901D-BF6595012396}.Debug|x86.ActiveCfg = Debug|Win32
		{B511C069-E984-42AC-901D-BF6595012396}.Debug|x86.Build.0 = Debug|Win32
		{B511C069-E984-42AC-901D-BF6595012396}.Release|Any CPU.ActiveCfg = Release|Win32
		{B511C069-E984-42AC-901D-BF6595012396}.Release|x64.ActiveCfg = Release|x64
		{B511C069-E984-42AC-901D-BF6595012396}.Release|x64.Build.0 = Release|x64
		{B511C069-E984-42AC-901D-BF6595012396}.Release|x86.ActiveCfg = Release|Win32
		{B511C069-E984-42AC-901D-BF6595012396}.Release|x86.Build.0 = Release|Win32
		{EB8467E1-BA2D-4A3B-A7A9-365240D7890A}.Debug|Any CPU.ActiveCfg = Debug|Win32
		{EB8467E1-BA2D-4A3B-A7A9-365240D7890A}.Debug|x64.ActiveCfg = Debug|x64
		{EB8467E1-BA2D-4A3B-A7A9-365240D7890A}.Debug|x64.Build.0 = Debug|x64
		{EB8467E1-BA2D-4A3B-A7A9-365240D7890A}.Debug|x86.ActiveCfg = Debug|Win32
		{EB8467E1-BA2D-4A3B-A7A9-365240D7890A}.Debug|x86.Build.0 = Debug|Win32
		{EB8467E1-BA2D-4A3B-A7A9-365240D7890A}.Release|Any CPU.ActiveCfg = Release|Win32
		{EB8467E1-BA2D-4A3B-A7A9-365240D7890A}.Release|x64.ActiveCfg = Release|x64
		{EB8467E1-BA2D-4A3B-A7A9-365240D7890A}.Release|x64.Build.0 = Release|x64
		{EB8467E1-BA2D-4A3B-A7A9-365240D7890A}.Release|x86.ActiveCfg = Release|Win32
		{EB8467E1-BA2D-4A3B-A7A9-365240D7890A}.Release|x86.Build.0 = Release|Win32
		{3A6A04AD-4254-46D3-83DB-1A6DC639259B}.Debug|Any CPU.ActiveCfg = Debug|Win32
		{3A6A04AD-4254-46D3-83DB-1A6DC639259B}.Debug|x64.ActiveCfg = Debug|x64
		{3A6A04AD-4254-46D3-83DB-1A6DC639259B}.Debug|x64.Build.0 = Debug|x64
		{3A6A04AD-4254-46D3-83DB-1A6DC639259B}.Debug|x86.ActiveCfg = Debug|Win32
		{3A6A04AD-4254-46D3-83DB-1A6DC639259B}.Debug|x86.Build.0 = Debug|Win32
		{3A6A04AD-4254-46D3-83DB-1A6DC639259B}.Release|Any CPU.ActiveCfg = Release|Win32
		{3A6A04AD-4254-46D3-83DB-1A6DC639259B}.Release|x64.ActiveCfg = Release|x64
		{3A6A04AD-4254-46D3-83DB-1A6DC639259B}.Release|x64.Build.0 = Release|x64
		{3A6A04AD-4254-46D3-83DB-1A6DC639259B}.Release|x86.ActiveCfg = Release|Win32
		{3A6A04AD-4254-46D3-83DB-1A6DC639259B}.Release|x86.Build.0 = Release|Win32
		{95E361DE-16E0-42A8-83C6-6F72F70C9FBC}.Debug|Any CPU.ActiveCfg = Debug|Win32
		{95E361DE-16E0-42A8-83C6-6F72F70C9FBC}.Debug|x64.ActiveCfg = Debug|x64
		{95E361DE-16E0-42A8-83C6-6F72F70C9FBC}.Debug|x64.Build.0 = Debug|x64
		{95E361DE-16E0-42A8-83C6-6F72F70C9FBC}.Debug|x86.ActiveCfg = Debug|Win32
		{95E361DE-16E0-42A8-83C6-6F72F70C9FBC}.Debug|x86.Build.0 = Debug|Win32
		{95E361DE-16E0-42A8-83C6-6F72F70C9FBC}.Release|Any CPU.ActiveCfg = Release|Win32
		{95E361DE-16E0-42A8-83C6-6F72F70C9FBC}.Release|x64.ActiveCfg = Release|x64
		{95E361DE-16E0-42A8-83C6-6F72F70C9FBC}.Release|x64.Build.0 = Release|x64
		{95E361DE-16E0-42A8-83C6-6F72F70C9FBC}.Release|x86.ActiveCfg = Release|Win32
		{95E361DE-16E0-42A8-83C6-6F72F70C9FBC}.Release|x86.Build.0 = Release|Win32
		{66162DDC-58AB-4CF2-BF82-A5DC6B2BCC57}.Debug|Any CPU.ActiveCfg = Debug|Win32
		{66162DDC-58AB-4CF2-BF82-A5DC6B2BCC57}.Debug|x64.ActiveCfg = Debug|x64
		{66162DDC-58AB-4CF2-BF82-A5DC6B2BCC57}.Debug|x64.Build.0 = Debug|x64
		{66162DDC-58AB-4CF2-BF82-A5DC6B2BCC57}.Debug|x86.ActiveCfg = Debug|Win32
		{66162DDC-58AB-4CF2-BF82-A5DC6B2BCC57}.Debug|x86.Build.0 = Debug|Win32
		{66162DDC-58AB-4CF2-BF82-A5DC6B2BCC57}.Release|Any CPU.ActiveCfg = Release|Win32
		{66162DDC-58AB-4CF2-BF82-A5DC6B2BCC57}.Release|x64.ActiveCfg = Release|x64
		{66162DDC-58AB-4CF2-BF82-A5DC6B2BCC57}.Release|x64.Build.0 = Release|x64
		{66162DDC-58AB-4CF2-BF82-A5DC6B2BCC57}.Release|x86.ActiveCfg = Release|Win32
		{66162DDC-58AB-4CF2-BF82-A5DC6B2BCC57}.Release|x86.Build.0 = Release|Win32
	EndGlobalSection
	GlobalSection(SolutionProperties) = preSolution
		HideSolutionNode = FALSE
	EndGlobalSection
EndGlobal
